
Microsoft Visual Studio Solution File, Format Version 12.00
# Visual Studio Version 17
VisualStudioVersion = 17.1.32228.430
MinimumVisualStudioVersion = 10.0.40219.1
Project("{F184B08F-C81C-45F6-A57F-5ABD9991F28F}") = "LabTask2", "LabTask2.vbproj", "{6C52462B-9230-4D79-8F3F-DB0BBB068859}"
EndProject
Global
	GlobalSection(SolutionConfigurationPlatforms) = preSolution
		Debug|Any CPU = Debug|Any CPU
		Release|Any CPU = Release|Any CPU
	EndGlobalSection
	GlobalSection(ProjectConfigurationPlatforms) = postSolution
		{6C52462B-9230-4D79-8F3F-DB0BBB068859}.Debug|Any CPU.ActiveCfg = Debug|Any CPU
		{6C52462B-9230-4D79-8F3F-DB0BBB068859}.Debug|Any CPU.Build.0 = Debug|Any CPU
		{6C52462B-9230-4D79-8F3F-DB0BBB068859}.Release|Any CPU.ActiveCfg = Release|Any CPU
		{6C52462B-9230-4D79-8F3F-DB0BBB068859}.Release|Any CPU.Build.0 = Release|Any CPU
	EndGlobalSection
	GlobalSection(SolutionProperties) = preSolution
		HideSolutionNode = FALSE
	EndGlobalSection
	GlobalSection(ExtensibilityGlobals) = postSolution
		SolutionGuid = {ABFCA944-CEAF-4592-A209-423B6FEB636F}
	EndGlobalSection
EndGlobal
